
Microsoft Visual Studio Solution File, Format Version 12.00
# Visual Studio Version 17
VisualStudioVersion = 17.1.32210.238
MinimumVisualStudioVersion = 10.0.40219.1
Project("{9A19103F-16F7-4668-BE54-9A1E7A4F7556}") = "PaperPlane2", "PaperPlane2.csproj", "{108DC00E-73B8-4994-825F-B6B8C0E22991}"
EndProject
Global
	GlobalSection(SolutionConfigurationPlatforms) = preSolution
		Debug|Any CPU = Debug|Any CPU
		Release|Any CPU = Release|Any CPU
	EndGlobalSection
	GlobalSection(ProjectConfigurationPlatforms) = postSolution
		{108DC00E-73B8-4994-825F-B6B8C0E22991}.Debug|Any CPU.ActiveCfg = Debug|Any CPU
		{108DC00E-73B8-4994-825F-B6B8C0E22991}.Debug|Any CPU.Build.0 = Debug|Any CPU
		{108DC00E-73B8-4994-825F-B6B8C0E22991}.Release|Any CPU.ActiveCfg = Release|Any CPU
		{108DC00E-73B8-4994-825F-B6B8C0E22991}.Release|Any CPU.Build.0 = Release|Any CPU
	EndGlobalSection
	GlobalSection(SolutionProperties) = preSolution
		HideSolutionNode = FALSE
	EndGlobalSection
	GlobalSection(ExtensibilityGlobals) = postSolution
		SolutionGuid = {7AC45F5F-FB2D-48B5-B099-36F06D770A89}
	EndGlobalSection
EndGlobal
